// !$*UTF8*$!
{
	archiveVersion = 1;
	classes = {
	};
	objectVersion = 60;
	objects = {

/* Begin PBXBuildFile section */
		13596CEA2ACF3F4100A002E2 /* AppDelegate.swift in Sources */ = {isa = PBXBuildFile; fileRef = 13596CE92ACF3F4100A002E2 /* AppDelegate.swift */; };
		13596CEC2ACF3F4100A002E2 /* SceneDelegate.swift in Sources */ = {isa = PBXBuildFile; fileRef = 13596CEB2ACF3F4100A002E2 /* SceneDelegate.swift */; };
		13596CF32ACF3F4200A002E2 /* Assets.xcassets in Resources */ = {isa = PBXBuildFile; fileRef = 13596CF22ACF3F4200A002E2 /* Assets.xcassets */; };
		13596CF62ACF3F4200A002E2 /* LaunchScreen.storyboard in Resources */ = {isa = PBXBuildFile; fileRef = 13596CF42ACF3F4200A002E2 /* LaunchScreen.storyboard */; };
		13596D012ACF3F4200A002E2 /* StocktopusTests.swift in Sources */ = {isa = PBXBuildFile; fileRef = 13596D002ACF3F4200A002E2 /* StocktopusTests.swift */; };
		13596D212ACF59B300A002E2 /* GetStocksByLimit.graphql in Resources */ = {isa = PBXBuildFile; fileRef = 13596D202ACF59B300A002E2 /* GetStocksByLimit.graphql */; };
		13596D282ACF5D2E00A002E2 /* LoadingManager.swift in Sources */ = {isa = PBXBuildFile; fileRef = 13596D272ACF5D2E00A002E2 /* LoadingManager.swift */; };
		13596D2C2ACF5DC700A002E2 /* UIApplication+Extensions.swift in Sources */ = {isa = PBXBuildFile; fileRef = 13596D2B2ACF5DC700A002E2 /* UIApplication+Extensions.swift */; };
		13596D2E2ACF5E9700A002E2 /* UIView+Extensions.swift in Sources */ = {isa = PBXBuildFile; fileRef = 13596D2D2ACF5E9700A002E2 /* UIView+Extensions.swift */; };
		13596D332AD0222600A002E2 /* NetworkManager.swift in Sources */ = {isa = PBXBuildFile; fileRef = 13596D322AD0222600A002E2 /* NetworkManager.swift */; };
		13596D392AD02C1000A002E2 /* apollo-ios-cli in Resources */ = {isa = PBXBuildFile; fileRef = 13596D382AD02C1000A002E2 /* apollo-ios-cli */; };
		13596D3C2AD02CC000A002E2 /* schema.graphqls in Resources */ = {isa = PBXBuildFile; fileRef = 13596D3B2AD02CC000A002E2 /* schema.graphqls */; };
		13596D402AD02E4000A002E2 /* API in Frameworks */ = {isa = PBXBuildFile; productRef = 13596D3F2AD02E4000A002E2 /* API */; };
		13596D432AD02EAE00A002E2 /* Apollo in Frameworks */ = {isa = PBXBuildFile; productRef = 13596D422AD02EAE00A002E2 /* Apollo */; };
		13596D452AD0413B00A002E2 /* NetworkError.swift in Sources */ = {isa = PBXBuildFile; fileRef = 13596D442AD0413B00A002E2 /* NetworkError.swift */; };
		13596D482AD041C800A002E2 /* Array+Extension.swift in Sources */ = {isa = PBXBuildFile; fileRef = 13596D472AD041C800A002E2 /* Array+Extension.swift */; };
		13596D512AD061FC00A002E2 /* Constant.swift in Sources */ = {isa = PBXBuildFile; fileRef = 13596D502AD061FC00A002E2 /* Constant.swift */; };
		13596D532AD0625200A002E2 /* API.swift in Sources */ = {isa = PBXBuildFile; fileRef = 13596D522AD0625200A002E2 /* API.swift */; };
		13596D562AD0668D00A002E2 /* HomeController.swift in Sources */ = {isa = PBXBuildFile; fileRef = 13596D552AD0668D00A002E2 /* HomeController.swift */; };
		13596D582AD0669600A002E2 /* HomeViewModel.swift in Sources */ = {isa = PBXBuildFile; fileRef = 13596D572AD0669600A002E2 /* HomeViewModel.swift */; };
		13596D5A2AD0669C00A002E2 /* HomeRouter.swift in Sources */ = {isa = PBXBuildFile; fileRef = 13596D592AD0669C00A002E2 /* HomeRouter.swift */; };
		13596D5C2AD066A400A002E2 /* HomeBuilder.swift in Sources */ = {isa = PBXBuildFile; fileRef = 13596D5B2AD066A400A002E2 /* HomeBuilder.swift */; };
		13596D632AD06A7C00A002E2 /* HomeCollectionViewCell.swift in Sources */ = {isa = PBXBuildFile; fileRef = 13596D622AD06A7C00A002E2 /* HomeCollectionViewCell.swift */; };
		13596D652AD06E2500A002E2 /* HomeCollectionViewCellDTO.swift in Sources */ = {isa = PBXBuildFile; fileRef = 13596D642AD06E2500A002E2 /* HomeCollectionViewCellDTO.swift */; };
		13596D672AD06E6F00A002E2 /* HomeCollectionViewCellProvider.swift in Sources */ = {isa = PBXBuildFile; fileRef = 13596D662AD06E6F00A002E2 /* HomeCollectionViewCellProvider.swift */; };
		13596D6A2AD070F500A002E2 /* HomeSection.swift in Sources */ = {isa = PBXBuildFile; fileRef = 13596D692AD070F500A002E2 /* HomeSection.swift */; };
		13596D6C2AD075A700A002E2 /* SectionHeaderReusableView.swift in Sources */ = {isa = PBXBuildFile; fileRef = 13596D6B2AD075A700A002E2 /* SectionHeaderReusableView.swift */; };
		13596D6F2AD1563E00A002E2 /* HomeViewModelInput.swift in Sources */ = {isa = PBXBuildFile; fileRef = 13596D6E2AD1563E00A002E2 /* HomeViewModelInput.swift */; };
		13596D712AD15D9400A002E2 /* String+Extensions.swift in Sources */ = {isa = PBXBuildFile; fileRef = 13596D702AD15D9400A002E2 /* String+Extensions.swift */; };
		13596D732AD15E1800A002E2 /* HomeViewModelOutput.swift in Sources */ = {isa = PBXBuildFile; fileRef = 13596D722AD15E1800A002E2 /* HomeViewModelOutput.swift */; };
		13596D762AD174BC00A002E2 /* AlertManager.swift in Sources */ = {isa = PBXBuildFile; fileRef = 13596D752AD174BC00A002E2 /* AlertManager.swift */; };
		13596D782AD1EB3200A002E2 /* Alert.swift in Sources */ = {isa = PBXBuildFile; fileRef = 13596D772AD1EB3200A002E2 /* Alert.swift */; };
/* End PBXBuildFile section */

/* Begin PBXContainerItemProxy section */
		13596CFD2ACF3F4200A002E2 /* PBXContainerItemProxy */ = {
			isa = PBXContainerItemProxy;
			containerPortal = 13596CDE2ACF3F4100A002E2 /* Project object */;
			proxyType = 1;
			remoteGlobalIDString = 13596CE52ACF3F4100A002E2;
			remoteInfo = Stocktopus;
		};
/* End PBXContainerItemProxy section */

/* Begin PBXFileReference section */
		13596CE62ACF3F4100A002E2 /* Stocktopus.app */ = {isa = PBXFileReference; explicitFileType = wrapper.application; includeInIndex = 0; path = Stocktopus.app; sourceTree = BUILT_PRODUCTS_DIR; };
		13596CE92ACF3F4100A002E2 /* AppDelegate.swift */ = {isa = PBXFileReference; lastKnownFileType = sourcecode.swift; path = AppDelegate.swift; sourceTree = "<group>"; };
		13596CEB2ACF3F4100A002E2 /* SceneDelegate.swift */ = {isa = PBXFileReference; lastKnownFileType = sourcecode.swift; path = SceneDelegate.swift; sourceTree = "<group>"; };
		13596CF22ACF3F4200A002E2 /* Assets.xcassets */ = {isa = PBXFileReference; lastKnownFileType = folder.assetcatalog; path = Assets.xcassets; sourceTree = "<group>"; };
		13596CF52ACF3F4200A002E2 /* Base */ = {isa = PBXFileReference; lastKnownFileType = file.storyboard; name = Base; path = Base.lproj/LaunchScreen.storyboard; sourceTree = "<group>"; };
		13596CF72ACF3F4200A002E2 /* Info.plist */ = {isa = PBXFileReference; lastKnownFileType = text.plist.xml; path = Info.plist; sourceTree = "<group>"; };
		13596CFC2ACF3F4200A002E2 /* StocktopusTests.xctest */ = {isa = PBXFileReference; explicitFileType = wrapper.cfbundle; includeInIndex = 0; path = StocktopusTests.xctest; sourceTree = BUILT_PRODUCTS_DIR; };
		13596D002ACF3F4200A002E2 /* StocktopusTests.swift */ = {isa = PBXFileReference; lastKnownFileType = sourcecode.swift; path = StocktopusTests.swift; sourceTree = "<group>"; };
		13596D202ACF59B300A002E2 /* GetStocksByLimit.graphql */ = {isa = PBXFileReference; lastKnownFileType = text; path = GetStocksByLimit.graphql; sourceTree = "<group>"; };
		13596D272ACF5D2E00A002E2 /* LoadingManager.swift */ = {isa = PBXFileReference; lastKnownFileType = sourcecode.swift; path = LoadingManager.swift; sourceTree = "<group>"; };
		13596D2B2ACF5DC700A002E2 /* UIApplication+Extensions.swift */ = {isa = PBXFileReference; lastKnownFileType = sourcecode.swift; path = "UIApplication+Extensions.swift"; sourceTree = "<group>"; };
		13596D2D2ACF5E9700A002E2 /* UIView+Extensions.swift */ = {isa = PBXFileReference; lastKnownFileType = sourcecode.swift; path = "UIView+Extensions.swift"; sourceTree = "<group>"; };
		13596D322AD0222600A002E2 /* NetworkManager.swift */ = {isa = PBXFileReference; lastKnownFileType = sourcecode.swift; path = NetworkManager.swift; sourceTree = "<group>"; };
		13596D382AD02C1000A002E2 /* apollo-ios-cli */ = {isa = PBXFileReference; fileEncoding = 4; lastKnownFileType = "compiled.mach-o.executable"; name = "apollo-ios-cli"; path = "GraphQl/apollo-ios-cli"; sourceTree = SOURCE_ROOT; };
		13596D3B2AD02CC000A002E2 /* schema.graphqls */ = {isa = PBXFileReference; fileEncoding = 4; lastKnownFileType = text; path = schema.graphqls; sourceTree = "<group>"; };
		13596D3D2AD02D5E00A002E2 /* API */ = {isa = PBXFileReference; lastKnownFileType = text; path = API; sourceTree = SOURCE_ROOT; };
		13596D442AD0413B00A002E2 /* NetworkError.swift */ = {isa = PBXFileReference; lastKnownFileType = sourcecode.swift; path = NetworkError.swift; sourceTree = "<group>"; };
		13596D472AD041C800A002E2 /* Array+Extension.swift */ = {isa = PBXFileReference; lastKnownFileType = sourcecode.swift; path = "Array+Extension.swift"; sourceTree = "<group>"; };
		13596D502AD061FC00A002E2 /* Constant.swift */ = {isa = PBXFileReference; lastKnownFileType = sourcecode.swift; path = Constant.swift; sourceTree = "<group>"; };
		13596D522AD0625200A002E2 /* API.swift */ = {isa = PBXFileReference; lastKnownFileType = sourcecode.swift; path = API.swift; sourceTree = "<group>"; };
		13596D552AD0668D00A002E2 /* HomeController.swift */ = {isa = PBXFileReference; lastKnownFileType = sourcecode.swift; path = HomeController.swift; sourceTree = "<group>"; };
		13596D572AD0669600A002E2 /* HomeViewModel.swift */ = {isa = PBXFileReference; lastKnownFileType = sourcecode.swift; path = HomeViewModel.swift; sourceTree = "<group>"; };
		13596D592AD0669C00A002E2 /* HomeRouter.swift */ = {isa = PBXFileReference; lastKnownFileType = sourcecode.swift; path = HomeRouter.swift; sourceTree = "<group>"; };
		13596D5B2AD066A400A002E2 /* HomeBuilder.swift */ = {isa = PBXFileReference; lastKnownFileType = sourcecode.swift; path = HomeBuilder.swift; sourceTree = "<group>"; };
		13596D622AD06A7C00A002E2 /* HomeCollectionViewCell.swift */ = {isa = PBXFileReference; lastKnownFileType = sourcecode.swift; path = HomeCollectionViewCell.swift; sourceTree = "<group>"; };
		13596D642AD06E2500A002E2 /* HomeCollectionViewCellDTO.swift */ = {isa = PBXFileReference; lastKnownFileType = sourcecode.swift; path = HomeCollectionViewCellDTO.swift; sourceTree = "<group>"; };
		13596D662AD06E6F00A002E2 /* HomeCollectionViewCellProvider.swift */ = {isa = PBXFileReference; lastKnownFileType = sourcecode.swift; path = HomeCollectionViewCellProvider.swift; sourceTree = "<group>"; };
		13596D692AD070F500A002E2 /* HomeSection.swift */ = {isa = PBXFileReference; lastKnownFileType = sourcecode.swift; path = HomeSection.swift; sourceTree = "<group>"; };
		13596D6B2AD075A700A002E2 /* SectionHeaderReusableView.swift */ = {isa = PBXFileReference; lastKnownFileType = sourcecode.swift; path = SectionHeaderReusableView.swift; sourceTree = "<group>"; };
		13596D6E2AD1563E00A002E2 /* HomeViewModelInput.swift */ = {isa = PBXFileReference; lastKnownFileType = sourcecode.swift; path = HomeViewModelInput.swift; sourceTree = "<group>"; };
		13596D702AD15D9400A002E2 /* String+Extensions.swift */ = {isa = PBXFileReference; lastKnownFileType = sourcecode.swift; path = "String+Extensions.swift"; sourceTree = "<group>"; };
		13596D722AD15E1800A002E2 /* HomeViewModelOutput.swift */ = {isa = PBXFileReference; lastKnownFileType = sourcecode.swift; path = HomeViewModelOutput.swift; sourceTree = "<group>"; };
		13596D752AD174BC00A002E2 /* AlertManager.swift */ = {isa = PBXFileReference; lastKnownFileType = sourcecode.swift; path = AlertManager.swift; sourceTree = "<group>"; };
		13596D772AD1EB3200A002E2 /* Alert.swift */ = {isa = PBXFileReference; lastKnownFileType = sourcecode.swift; path = Alert.swift; sourceTree = "<group>"; };
/* End PBXFileReference section */

/* Begin PBXFrameworksBuildPhase section */
		13596CE32ACF3F4100A002E2 /* Frameworks */ = {
			isa = PBXFrameworksBuildPhase;
			buildActionMask = 2147483647;
			files = (
				13596D402AD02E4000A002E2 /* API in Frameworks */,
				13596D432AD02EAE00A002E2 /* Apollo in Frameworks */,
			);
			runOnlyForDeploymentPostprocessing = 0;
		};
		13596CF92ACF3F4200A002E2 /* Frameworks */ = {
			isa = PBXFrameworksBuildPhase;
			buildActionMask = 2147483647;
			files = (
			);
			runOnlyForDeploymentPostprocessing = 0;
		};
/* End PBXFrameworksBuildPhase section */

/* Begin PBXGroup section */
		13596CDD2ACF3F4100A002E2 = {
			isa = PBXGroup;
			children = (
				13596CE82ACF3F4100A002E2 /* Stocktopus */,
				13596CFF2ACF3F4200A002E2 /* StocktopusTests */,
				13596CE72ACF3F4100A002E2 /* Products */,
				13596D412AD02EAE00A002E2 /* Frameworks */,
			);
			sourceTree = "<group>";
		};
		13596CE72ACF3F4100A002E2 /* Products */ = {
			isa = PBXGroup;
			children = (
				13596CE62ACF3F4100A002E2 /* Stocktopus.app */,
				13596CFC2ACF3F4200A002E2 /* StocktopusTests.xctest */,
			);
			name = Products;
			sourceTree = "<group>";
		};
		13596CE82ACF3F4100A002E2 /* Stocktopus */ = {
			isa = PBXGroup;
			children = (
				13596D3D2AD02D5E00A002E2 /* API */,
				13596D192ACF407300A002E2 /* App */,
				13596D3A2AD02CC000A002E2 /* GraphQl */,
				13596D252ACF5CEC00A002E2 /* Managers */,
				13596D1B2ACF409E00A002E2 /* Modules */,
				13596D1F2ACF598C00A002E2 /* Queries */,
				13596D1A2ACF409500A002E2 /* Resources */,
				13596D292ACF5DB400A002E2 /* Utilities */,
			);
			path = Stocktopus;
			sourceTree = "<group>";
		};
		13596CFF2ACF3F4200A002E2 /* StocktopusTests */ = {
			isa = PBXGroup;
			children = (
				13596D002ACF3F4200A002E2 /* StocktopusTests.swift */,
			);
			path = StocktopusTests;
			sourceTree = "<group>";
		};
		13596D192ACF407300A002E2 /* App */ = {
			isa = PBXGroup;
			children = (
				13596CF72ACF3F4200A002E2 /* Info.plist */,
				13596CE92ACF3F4100A002E2 /* AppDelegate.swift */,
				13596CEB2ACF3F4100A002E2 /* SceneDelegate.swift */,
			);
			path = App;
			sourceTree = "<group>";
		};
		13596D1A2ACF409500A002E2 /* Resources */ = {
			isa = PBXGroup;
			children = (
				13596CF22ACF3F4200A002E2 /* Assets.xcassets */,
			);
			path = Resources;
			sourceTree = "<group>";
		};
		13596D1B2ACF409E00A002E2 /* Modules */ = {
			isa = PBXGroup;
			children = (
				13596D542AD0667800A002E2 /* Home */,
				13596D1C2ACF40A500A002E2 /* LaunchScreen */,
			);
			path = Modules;
			sourceTree = "<group>";
		};
		13596D1C2ACF40A500A002E2 /* LaunchScreen */ = {
			isa = PBXGroup;
			children = (
				13596CF42ACF3F4200A002E2 /* LaunchScreen.storyboard */,
			);
			path = LaunchScreen;
			sourceTree = "<group>";
		};
		13596D1F2ACF598C00A002E2 /* Queries */ = {
			isa = PBXGroup;
			children = (
				13596D202ACF59B300A002E2 /* GetStocksByLimit.graphql */,
			);
			path = Queries;
			sourceTree = "<group>";
		};
		13596D252ACF5CEC00A002E2 /* Managers */ = {
			isa = PBXGroup;
			children = (
				13596D742AD174B300A002E2 /* AlertManager */,
				13596D312ACFF91A00A002E2 /* NetworkManager */,
				13596D262ACF5CF000A002E2 /* LoadingManager */,
			);
			path = Managers;
			sourceTree = "<group>";
		};
		13596D262ACF5CF000A002E2 /* LoadingManager */ = {
			isa = PBXGroup;
			children = (
				13596D272ACF5D2E00A002E2 /* LoadingManager.swift */,
			);
			path = LoadingManager;
			sourceTree = "<group>";
		};
		13596D292ACF5DB400A002E2 /* Utilities */ = {
			isa = PBXGroup;
			children = (
				13596D4F2AD061F100A002E2 /* Constants */,
				13596D2A2ACF5DB800A002E2 /* Extensions */,
			);
			path = Utilities;
			sourceTree = "<group>";
		};
		13596D2A2ACF5DB800A002E2 /* Extensions */ = {
			isa = PBXGroup;
			children = (
				13596D472AD041C800A002E2 /* Array+Extension.swift */,
				13596D702AD15D9400A002E2 /* String+Extensions.swift */,
				13596D2B2ACF5DC700A002E2 /* UIApplication+Extensions.swift */,
				13596D2D2ACF5E9700A002E2 /* UIView+Extensions.swift */,
			);
			path = Extensions;
			sourceTree = "<group>";
		};
		13596D312ACFF91A00A002E2 /* NetworkManager */ = {
			isa = PBXGroup;
			children = (
				13596D442AD0413B00A002E2 /* NetworkError.swift */,
				13596D322AD0222600A002E2 /* NetworkManager.swift */,
			);
			path = NetworkManager;
			sourceTree = "<group>";
		};
		13596D3A2AD02CC000A002E2 /* GraphQl */ = {
			isa = PBXGroup;
			children = (
				13596D382AD02C1000A002E2 /* apollo-ios-cli */,
				13596D3B2AD02CC000A002E2 /* schema.graphqls */,
			);
			path = GraphQl;
			sourceTree = SOURCE_ROOT;
		};
		13596D412AD02EAE00A002E2 /* Frameworks */ = {
			isa = PBXGroup;
			children = (
			);
			name = Frameworks;
			sourceTree = "<group>";
		};
		13596D4F2AD061F100A002E2 /* Constants */ = {
			isa = PBXGroup;
			children = (
				13596D772AD1EB3200A002E2 /* Alert.swift */,
				13596D522AD0625200A002E2 /* API.swift */,
				13596D502AD061FC00A002E2 /* Constant.swift */,
			);
			path = Constants;
			sourceTree = "<group>";
		};
		13596D542AD0667800A002E2 /* Home */ = {
			isa = PBXGroup;
			children = (
				13596D5D2AD0688200A002E2 /* Builder */,
				13596D5F2AD0688F00A002E2 /* Router */,
				13596D5E2AD0688900A002E2 /* View */,
				13596D602AD0689700A002E2 /* ViewModel */,
			);
			path = Home;
			sourceTree = "<group>";
		};
		13596D5D2AD0688200A002E2 /* Builder */ = {
			isa = PBXGroup;
			children = (
				13596D5B2AD066A400A002E2 /* HomeBuilder.swift */,
			);
			path = Builder;
			sourceTree = "<group>";
		};
		13596D5E2AD0688900A002E2 /* View */ = {
			isa = PBXGroup;
			children = (
				13596D552AD0668D00A002E2 /* HomeController.swift */,
				13596D612AD06A6800A002E2 /* Cell */,
				13596D6D2AD075AC00A002E2 /* SectionHeaderReusableView */,
			);
			path = View;
			sourceTree = "<group>";
		};
		13596D5F2AD0688F00A002E2 /* Router */ = {
			isa = PBXGroup;
			children = (
				13596D592AD0669C00A002E2 /* HomeRouter.swift */,
			);
			path = Router;
			sourceTree = "<group>";
		};
		13596D602AD0689700A002E2 /* ViewModel */ = {
			isa = PBXGroup;
			children = (
				13596D572AD0669600A002E2 /* HomeViewModel.swift */,
				13596D6E2AD1563E00A002E2 /* HomeViewModelInput.swift */,
				13596D722AD15E1800A002E2 /* HomeViewModelOutput.swift */,
			);
			path = ViewModel;
			sourceTree = "<group>";
		};
		13596D612AD06A6800A002E2 /* Cell */ = {
			isa = PBXGroup;
			children = (
				13596D622AD06A7C00A002E2 /* HomeCollectionViewCell.swift */,
				13596D642AD06E2500A002E2 /* HomeCollectionViewCellDTO.swift */,
				13596D662AD06E6F00A002E2 /* HomeCollectionViewCellProvider.swift */,
			);
			path = Cell;
			sourceTree = "<group>";
		};
		13596D6D2AD075AC00A002E2 /* SectionHeaderReusableView */ = {
			isa = PBXGroup;
			children = (
				13596D692AD070F500A002E2 /* HomeSection.swift */,
				13596D6B2AD075A700A002E2 /* SectionHeaderReusableView.swift */,
			);
			path = SectionHeaderReusableView;
			sourceTree = "<group>";
		};
		13596D742AD174B300A002E2 /* AlertManager */ = {
			isa = PBXGroup;
			children = (
				13596D752AD174BC00A002E2 /* AlertManager.swift */,
			);
			path = AlertManager;
			sourceTree = "<group>";
		};
/* End PBXGroup section */

/* Begin PBXNativeTarget section */
		13596CE52ACF3F4100A002E2 /* Stocktopus */ = {
			isa = PBXNativeTarget;
			buildConfigurationList = 13596D102ACF3F4200A002E2 /* Build configuration list for PBXNativeTarget "Stocktopus" */;
			buildPhases = (
				13596CE22ACF3F4100A002E2 /* Sources */,
				13596CE32ACF3F4100A002E2 /* Frameworks */,
				13596CE42ACF3F4100A002E2 /* Resources */,
			);
			buildRules = (
			);
			dependencies = (
			);
			name = Stocktopus;
			packageProductDependencies = (
				13596D3F2AD02E4000A002E2 /* API */,
				13596D422AD02EAE00A002E2 /* Apollo */,
			);
			productName = Stocktopus;
			productReference = 13596CE62ACF3F4100A002E2 /* Stocktopus.app */;
			productType = "com.apple.product-type.application";
		};
		13596CFB2ACF3F4200A002E2 /* StocktopusTests */ = {
			isa = PBXNativeTarget;
			buildConfigurationList = 13596D132ACF3F4200A002E2 /* Build configuration list for PBXNativeTarget "StocktopusTests" */;
			buildPhases = (
				13596CF82ACF3F4200A002E2 /* Sources */,
				13596CF92ACF3F4200A002E2 /* Frameworks */,
				13596CFA2ACF3F4200A002E2 /* Resources */,
			);
			buildRules = (
			);
			dependencies = (
				13596CFE2ACF3F4200A002E2 /* PBXTargetDependency */,
			);
			name = StocktopusTests;
			productName = StocktopusTests;
			productReference = 13596CFC2ACF3F4200A002E2 /* StocktopusTests.xctest */;
			productType = "com.apple.product-type.bundle.unit-test";
		};
/* End PBXNativeTarget section */

/* Begin PBXProject section */
		13596CDE2ACF3F4100A002E2 /* Project object */ = {
			isa = PBXProject;
			attributes = {
				BuildIndependentTargetsInParallel = 1;
				LastSwiftUpdateCheck = 1500;
				LastUpgradeCheck = 1500;
				TargetAttributes = {
					13596CE52ACF3F4100A002E2 = {
						CreatedOnToolsVersion = 15.0;
					};
					13596CFB2ACF3F4200A002E2 = {
						CreatedOnToolsVersion = 15.0;
						TestTargetID = 13596CE52ACF3F4100A002E2;
					};
				};
			};
			buildConfigurationList = 13596CE12ACF3F4100A002E2 /* Build configuration list for PBXProject "Stocktopus" */;
			compatibilityVersion = "Xcode 14.0";
			developmentRegion = en;
			hasScannedForEncodings = 0;
			knownRegions = (
				en,
				Base,
			);
			mainGroup = 13596CDD2ACF3F4100A002E2;
			packageReferences = (
				13596D352AD02AEF00A002E2 /* XCRemoteSwiftPackageReference "apollo-ios" */,
				13596D3E2AD02E4000A002E2 /* XCLocalSwiftPackageReference "API" */,
			);
			productRefGroup = 13596CE72ACF3F4100A002E2 /* Products */;
			projectDirPath = "";
			projectRoot = "";
			targets = (
				13596CE52ACF3F4100A002E2 /* Stocktopus */,
				13596CFB2ACF3F4200A002E2 /* StocktopusTests */,
			);
		};
/* End PBXProject section */

/* Begin PBXResourcesBuildPhase section */
		13596CE42ACF3F4100A002E2 /* Resources */ = {
			isa = PBXResourcesBuildPhase;
			buildActionMask = 2147483647;
			files = (
				13596D392AD02C1000A002E2 /* apollo-ios-cli in Resources */,
				13596D3C2AD02CC000A002E2 /* schema.graphqls in Resources */,
				13596D212ACF59B300A002E2 /* GetStocksByLimit.graphql in Resources */,
				13596CF62ACF3F4200A002E2 /* LaunchScreen.storyboard in Resources */,
				13596CF32ACF3F4200A002E2 /* Assets.xcassets in Resources */,
			);
			runOnlyForDeploymentPostprocessing = 0;
		};
		13596CFA2ACF3F4200A002E2 /* Resources */ = {
			isa = PBXResourcesBuildPhase;
			buildActionMask = 2147483647;
			files = (
			);
			runOnlyForDeploymentPostprocessing = 0;
		};
/* End PBXResourcesBuildPhase section */

/* Begin PBXSourcesBuildPhase section */
		13596CE22ACF3F4100A002E2 /* Sources */ = {
			isa = PBXSourcesBuildPhase;
			buildActionMask = 2147483647;
			files = (
				13596D6C2AD075A700A002E2 /* SectionHeaderReusableView.swift in Sources */,
				13596D712AD15D9400A002E2 /* String+Extensions.swift in Sources */,
				13596D532AD0625200A002E2 /* API.swift in Sources */,
				13596D652AD06E2500A002E2 /* HomeCollectionViewCellDTO.swift in Sources */,
				13596D672AD06E6F00A002E2 /* HomeCollectionViewCellProvider.swift in Sources */,
				13596D512AD061FC00A002E2 /* Constant.swift in Sources */,
				13596D782AD1EB3200A002E2 /* Alert.swift in Sources */,
				13596D762AD174BC00A002E2 /* AlertManager.swift in Sources */,
				13596D562AD0668D00A002E2 /* HomeController.swift in Sources */,
				13596D2E2ACF5E9700A002E2 /* UIView+Extensions.swift in Sources */,
				13596D452AD0413B00A002E2 /* NetworkError.swift in Sources */,
				13596D6F2AD1563E00A002E2 /* HomeViewModelInput.swift in Sources */,
				13596D632AD06A7C00A002E2 /* HomeCollectionViewCell.swift in Sources */,
				13596D2C2ACF5DC700A002E2 /* UIApplication+Extensions.swift in Sources */,
				13596D5A2AD0669C00A002E2 /* HomeRouter.swift in Sources */,
				13596D482AD041C800A002E2 /* Array+Extension.swift in Sources */,
				13596D582AD0669600A002E2 /* HomeViewModel.swift in Sources */,
				13596D282ACF5D2E00A002E2 /* LoadingManager.swift in Sources */,
				13596D732AD15E1800A002E2 /* HomeViewModelOutput.swift in Sources */,
				13596D5C2AD066A400A002E2 /* HomeBuilder.swift in Sources */,
				13596D6A2AD070F500A002E2 /* HomeSection.swift in Sources */,
				13596D332AD0222600A002E2 /* NetworkManager.swift in Sources */,
				13596CEA2ACF3F4100A002E2 /* AppDelegate.swift in Sources */,
				13596CEC2ACF3F4100A002E2 /* SceneDelegate.swift in Sources */,
			);
			runOnlyForDeploymentPostprocessing = 0;
		};
		13596CF82ACF3F4200A002E2 /* Sources */ = {
			isa = PBXSourcesBuildPhase;
			buildActionMask = 2147483647;
			files = (
				13596D012ACF3F4200A002E2 /* StocktopusTests.swift in Sources */,
			);
			runOnlyForDeploymentPostprocessing = 0;
		};
/* End PBXSourcesBuildPhase section */

/* Begin PBXTargetDependency section */
		13596CFE2ACF3F4200A002E2 /* PBXTargetDependency */ = {
			isa = PBXTargetDependency;
			target = 13596CE52ACF3F4100A002E2 /* Stocktopus */;
			targetProxy = 13596CFD2ACF3F4200A002E2 /* PBXContainerItemProxy */;
		};
/* End PBXTargetDependency section */

/* Begin PBXVariantGroup section */
		13596CF42ACF3F4200A002E2 /* LaunchScreen.storyboard */ = {
			isa = PBXVariantGroup;
			children = (
				13596CF52ACF3F4200A002E2 /* Base */,
			);
			name = LaunchScreen.storyboard;
			sourceTree = "<group>";
		};
/* End PBXVariantGroup section */

/* Begin XCBuildConfiguration section */
		13596D0E2ACF3F4200A002E2 /* Debug */ = {
			isa = XCBuildConfiguration;
			buildSettings = {
				ALWAYS_SEARCH_USER_PATHS = NO;
				ASSETCATALOG_COMPILER_GENERATE_SWIFT_ASSET_SYMBOL_EXTENSIONS = YES;
				CLANG_ANALYZER_NONNULL = YES;
				CLANG_ANALYZER_NUMBER_OBJECT_CONVERSION = YES_AGGRESSIVE;
				CLANG_CXX_LANGUAGE_STANDARD = "gnu++20";
				CLANG_ENABLE_MODULES = YES;
				CLANG_ENABLE_OBJC_ARC = YES;
				CLANG_ENABLE_OBJC_WEAK = YES;
				CLANG_WARN_BLOCK_CAPTURE_AUTORELEASING = YES;
				CLANG_WARN_BOOL_CONVERSION = YES;
				CLANG_WARN_COMMA = YES;
				CLANG_WARN_CONSTANT_CONVERSION = YES;
				CLANG_WARN_DEPRECATED_OBJC_IMPLEMENTATIONS = YES;
				CLANG_WARN_DIRECT_OBJC_ISA_USAGE = YES_ERROR;
				CLANG_WARN_DOCUMENTATION_COMMENTS = YES;
				CLANG_WARN_EMPTY_BODY = YES;
				CLANG_WARN_ENUM_CONVERSION = YES;
				CLANG_WARN_INFINITE_RECURSION = YES;
				CLANG_WARN_INT_CONVERSION = YES;
				CLANG_WARN_NON_LITERAL_NULL_CONVERSION = YES;
				CLANG_WARN_OBJC_IMPLICIT_RETAIN_SELF = YES;
				CLANG_WARN_OBJC_LITERAL_CONVERSION = YES;
				CLANG_WARN_OBJC_ROOT_CLASS = YES_ERROR;
				CLANG_WARN_QUOTED_INCLUDE_IN_FRAMEWORK_HEADER = YES;
				CLANG_WARN_RANGE_LOOP_ANALYSIS = YES;
				CLANG_WARN_STRICT_PROTOTYPES = YES;
				CLANG_WARN_SUSPICIOUS_MOVE = YES;
				CLANG_WARN_UNGUARDED_AVAILABILITY = YES_AGGRESSIVE;
				CLANG_WARN_UNREACHABLE_CODE = YES;
				CLANG_WARN__DUPLICATE_METHOD_MATCH = YES;
				COPY_PHASE_STRIP = NO;
				DEBUG_INFORMATION_FORMAT = dwarf;
				ENABLE_STRICT_OBJC_MSGSEND = YES;
				ENABLE_TESTABILITY = YES;
				ENABLE_USER_SCRIPT_SANDBOXING = YES;
				GCC_C_LANGUAGE_STANDARD = gnu17;
				GCC_DYNAMIC_NO_PIC = NO;
				GCC_NO_COMMON_BLOCKS = YES;
				GCC_OPTIMIZATION_LEVEL = 0;
				GCC_PREPROCESSOR_DEFINITIONS = (
					"DEBUG=1",
					"$(inherited)",
				);
				GCC_WARN_64_TO_32_BIT_CONVERSION = YES;
				GCC_WARN_ABOUT_RETURN_TYPE = YES_ERROR;
				GCC_WARN_UNDECLARED_SELECTOR = YES;
				GCC_WARN_UNINITIALIZED_AUTOS = YES_AGGRESSIVE;
				GCC_WARN_UNUSED_FUNCTION = YES;
				GCC_WARN_UNUSED_VARIABLE = YES;
				IPHONEOS_DEPLOYMENT_TARGET = 17.0;
				LOCALIZATION_PREFERS_STRING_CATALOGS = YES;
				MTL_ENABLE_DEBUG_INFO = INCLUDE_SOURCE;
				MTL_FAST_MATH = YES;
				ONLY_ACTIVE_ARCH = YES;
				SDKROOT = iphoneos;
				SWIFT_ACTIVE_COMPILATION_CONDITIONS = "DEBUG $(inherited)";
				SWIFT_OPTIMIZATION_LEVEL = "-Onone";
			};
			name = Debug;
		};
		13596D0F2ACF3F4200A002E2 /* Release */ = {
			isa = XCBuildConfiguration;
			buildSettings = {
				ALWAYS_SEARCH_USER_PATHS = NO;
				ASSETCATALOG_COMPILER_GENERATE_SWIFT_ASSET_SYMBOL_EXTENSIONS = YES;
				CLANG_ANALYZER_NONNULL = YES;
				CLANG_ANALYZER_NUMBER_OBJECT_CONVERSION = YES_AGGRESSIVE;
				CLANG_CXX_LANGUAGE_STANDARD = "gnu++20";
				CLANG_ENABLE_MODULES = YES;
				CLANG_ENABLE_OBJC_ARC = YES;
				CLANG_ENABLE_OBJC_WEAK = YES;
				CLANG_WARN_BLOCK_CAPTURE_AUTORELEASING = YES;
				CLANG_WARN_BOOL_CONVERSION = YES;
				CLANG_WARN_COMMA = YES;
				CLANG_WARN_CONSTANT_CONVERSION = YES;
				CLANG_WARN_DEPRECATED_OBJC_IMPLEMENTATIONS = YES;
				CLANG_WARN_DIRECT_OBJC_ISA_USAGE = YES_ERROR;
				CLANG_WARN_DOCUMENTATION_COMMENTS = YES;
				CLANG_WARN_EMPTY_BODY = YES;
				CLANG_WARN_ENUM_CONVERSION = YES;
				CLANG_WARN_INFINITE_RECURSION = YES;
				CLANG_WARN_INT_CONVERSION = YES;
				CLANG_WARN_NON_LITERAL_NULL_CONVERSION = YES;
				CLANG_WARN_OBJC_IMPLICIT_RETAIN_SELF = YES;
				CLANG_WARN_OBJC_LITERAL_CONVERSION = YES;
				CLANG_WARN_OBJC_ROOT_CLASS = YES_ERROR;
				CLANG_WARN_QUOTED_INCLUDE_IN_FRAMEWORK_HEADER = YES;
				CLANG_WARN_RANGE_LOOP_ANALYSIS = YES;
				CLANG_WARN_STRICT_PROTOTYPES = YES;
				CLANG_WARN_SUSPICIOUS_MOVE = YES;
				CLANG_WARN_UNGUARDED_AVAILABILITY = YES_AGGRESSIVE;
				CLANG_WARN_UNREACHABLE_CODE = YES;
				CLANG_WARN__DUPLICATE_METHOD_MATCH = YES;
				COPY_PHASE_STRIP = NO;
				DEBUG_INFORMATION_FORMAT = "dwarf-with-dsym";
				ENABLE_NS_ASSERTIONS = NO;
				ENABLE_STRICT_OBJC_MSGSEND = YES;
				ENABLE_USER_SCRIPT_SANDBOXING = YES;
				GCC_C_LANGUAGE_STANDARD = gnu17;
				GCC_NO_COMMON_BLOCKS = YES;
				GCC_WARN_64_TO_32_BIT_CONVERSION = YES;
				GCC_WARN_ABOUT_RETURN_TYPE = YES_ERROR;
				GCC_WARN_UNDECLARED_SELECTOR = YES;
				GCC_WARN_UNINITIALIZED_AUTOS = YES_AGGRESSIVE;
				GCC_WARN_UNUSED_FUNCTION = YES;
				GCC_WARN_UNUSED_VARIABLE = YES;
				IPHONEOS_DEPLOYMENT_TARGET = 17.0;
				LOCALIZATION_PREFERS_STRING_CATALOGS = YES;
				MTL_ENABLE_DEBUG_INFO = NO;
				MTL_FAST_MATH = YES;
				SDKROOT = iphoneos;
				SWIFT_COMPILATION_MODE = wholemodule;
				VALIDATE_PRODUCT = YES;
			};
			name = Release;
		};
		13596D112ACF3F4200A002E2 /* Debug */ = {
			isa = XCBuildConfiguration;
			buildSettings = {
				ASSETCATALOG_COMPILER_APPICON_NAME = AppIcon;
				ASSETCATALOG_COMPILER_GLOBAL_ACCENT_COLOR_NAME = AccentColor;
				CODE_SIGN_STYLE = Automatic;
				CURRENT_PROJECT_VERSION = 1;
				DEVELOPMENT_TEAM = RMTY324S26;
				GENERATE_INFOPLIST_FILE = YES;
				INFOPLIST_FILE = Stocktopus/App/Info.plist;
				INFOPLIST_KEY_UIApplicationSupportsIndirectInputEvents = YES;
				INFOPLIST_KEY_UILaunchStoryboardName = LaunchScreen;
				INFOPLIST_KEY_UISupportedInterfaceOrientations = UIInterfaceOrientationPortrait;
				IPHONEOS_DEPLOYMENT_TARGET = 16.0;
				LD_RUNPATH_SEARCH_PATHS = (
					"$(inherited)",
					"@executable_path/Frameworks",
				);
				MARKETING_VERSION = 1.0;
				PRODUCT_BUNDLE_IDENTIFIER = com.bugrayenidunya.Stocktopus;
				PRODUCT_NAME = "$(TARGET_NAME)";
				SUPPORTED_PLATFORMS = "iphoneos iphonesimulator";
				SUPPORTS_MACCATALYST = NO;
				SUPPORTS_MAC_DESIGNED_FOR_IPHONE_IPAD = NO;
				SWIFT_EMIT_LOC_STRINGS = YES;
				SWIFT_VERSION = 5.0;
				TARGETED_DEVICE_FAMILY = 1;
			};
			name = Debug;
		};
		13596D122ACF3F4200A002E2 /* Release */ = {
			isa = XCBuildConfiguration;
			buildSettings = {
				ASSETCATALOG_COMPILER_APPICON_NAME = AppIcon;
				ASSETCATALOG_COMPILER_GLOBAL_ACCENT_COLOR_NAME = AccentColor;
				CODE_SIGN_STYLE = Automatic;
				CURRENT_PROJECT_VERSION = 1;
				DEVELOPMENT_TEAM = RMTY324S26;
				GENERATE_INFOPLIST_FILE = YES;
				INFOPLIST_FILE = Stocktopus/App/Info.plist;
				INFOPLIST_KEY_UIApplicationSupportsIndirectInputEvents = YES;
				INFOPLIST_KEY_UILaunchStoryboardName = LaunchScreen;
				INFOPLIST_KEY_UISupportedInterfaceOrientations = UIInterfaceOrientationPortrait;
				IPHONEOS_DEPLOYMENT_TARGET = 16.0;
				LD_RUNPATH_SEARCH_PATHS = (
					"$(inherited)",
					"@executable_path/Frameworks",
				);
				MARKETING_VERSION = 1.0;
				PRODUCT_BUNDLE_IDENTIFIER = com.bugrayenidunya.Stocktopus;
				PRODUCT_NAME = "$(TARGET_NAME)";
				SUPPORTED_PLATFORMS = "iphoneos iphonesimulator";
				SUPPORTS_MACCATALYST = NO;
				SUPPORTS_MAC_DESIGNED_FOR_IPHONE_IPAD = NO;
				SWIFT_EMIT_LOC_STRINGS = YES;
				SWIFT_VERSION = 5.0;
				TARGETED_DEVICE_FAMILY = 1;
			};
			name = Release;
		};
		13596D142ACF3F4200A002E2 /* Debug */ = {
			isa = XCBuildConfiguration;
			buildSettings = {
				ALWAYS_EMBED_SWIFT_STANDARD_LIBRARIES = YES;
				BUNDLE_LOADER = "$(TEST_HOST)";
				CODE_SIGN_STYLE = Automatic;
				CURRENT_PROJECT_VERSION = 1;
				DEVELOPMENT_TEAM = RMTY324S26;
				GENERATE_INFOPLIST_FILE = YES;
				IPHONEOS_DEPLOYMENT_TARGET = 17.0;
				MARKETING_VERSION = 1.0;
				PRODUCT_BUNDLE_IDENTIFIER = com.bugrayenidunya.StocktopusTests;
				PRODUCT_NAME = "$(TARGET_NAME)";
				SUPPORTED_PLATFORMS = "iphoneos iphonesimulator";
				SUPPORTS_MACCATALYST = NO;
				SUPPORTS_MAC_DESIGNED_FOR_IPHONE_IPAD = NO;
				SWIFT_EMIT_LOC_STRINGS = NO;
				SWIFT_VERSION = 5.0;
				TARGETED_DEVICE_FAMILY = 1;
				TEST_HOST = "$(BUILT_PRODUCTS_DIR)/Stocktopus.app/$(BUNDLE_EXECUTABLE_FOLDER_PATH)/Stocktopus";
			};
			name = Debug;
		};
		13596D152ACF3F4200A002E2 /* Release */ = {
			isa = XCBuildConfiguration;
			buildSettings = {
				ALWAYS_EMBED_SWIFT_STANDARD_LIBRARIES = YES;
				BUNDLE_LOADER = "$(TEST_HOST)";
				CODE_SIGN_STYLE = Automatic;
				CURRENT_PROJECT_VERSION = 1;
				DEVELOPMENT_TEAM = RMTY324S26;
				GENERATE_INFOPLIST_FILE = YES;
				IPHONEOS_DEPLOYMENT_TARGET = 17.0;
				MARKETING_VERSION = 1.0;
				PRODUCT_BUNDLE_IDENTIFIER = com.bugrayenidunya.StocktopusTests;
				PRODUCT_NAME = "$(TARGET_NAME)";
				SUPPORTED_PLATFORMS = "iphoneos iphonesimulator";
				SUPPORTS_MACCATALYST = NO;
				SUPPORTS_MAC_DESIGNED_FOR_IPHONE_IPAD = NO;
				SWIFT_EMIT_LOC_STRINGS = NO;
				SWIFT_VERSION = 5.0;
				TARGETED_DEVICE_FAMILY = 1;
				TEST_HOST = "$(BUILT_PRODUCTS_DIR)/Stocktopus.app/$(BUNDLE_EXECUTABLE_FOLDER_PATH)/Stocktopus";
			};
			name = Release;
		};
/* End XCBuildConfiguration section */

/* Begin XCConfigurationList section */
		13596CE12ACF3F4100A002E2 /* Build configuration list for PBXProject "Stocktopus" */ = {
			isa = XCConfigurationList;
			buildConfigurations = (
				13596D0E2ACF3F4200A002E2 /* Debug */,
				13596D0F2ACF3F4200A002E2 /* Release */,
			);
			defaultConfigurationIsVisible = 0;
			defaultConfigurationName = Release;
		};
		13596D102ACF3F4200A002E2 /* Build configuration list for PBXNativeTarget "Stocktopus" */ = {
			isa = XCConfigurationList;
			buildConfigurations = (
				13596D112ACF3F4200A002E2 /* Debug */,
				13596D122ACF3F4200A002E2 /* Release */,
			);
			defaultConfigurationIsVisible = 0;
			defaultConfigurationName = Release;
		};
		13596D132ACF3F4200A002E2 /* Build configuration list for PBXNativeTarget "StocktopusTests" */ = {
			isa = XCConfigurationList;
			buildConfigurations = (
				13596D142ACF3F4200A002E2 /* Debug */,
				13596D152ACF3F4200A002E2 /* Release */,
			);
			defaultConfigurationIsVisible = 0;
			defaultConfigurationName = Release;
		};
/* End XCConfigurationList section */

/* Begin XCLocalSwiftPackageReference section */
		13596D3E2AD02E4000A002E2 /* XCLocalSwiftPackageReference "API" */ = {
			isa = XCLocalSwiftPackageReference;
			relativePath = API;
		};
/* End XCLocalSwiftPackageReference section */

/* Begin XCRemoteSwiftPackageReference section */
		13596D352AD02AEF00A002E2 /* XCRemoteSwiftPackageReference "apollo-ios" */ = {
			isa = XCRemoteSwiftPackageReference;
			repositoryURL = "https://github.com/apollographql/apollo-ios.git";
			requirement = {
				kind = upToNextMinorVersion;
				minimumVersion = 1.5.2;
			};
		};
/* End XCRemoteSwiftPackageReference section */

/* Begin XCSwiftPackageProductDependency section */
		13596D3F2AD02E4000A002E2 /* API */ = {
			isa = XCSwiftPackageProductDependency;
			productName = API;
		};
		13596D422AD02EAE00A002E2 /* Apollo */ = {
			isa = XCSwiftPackageProductDependency;
			package = 13596D352AD02AEF00A002E2 /* XCRemoteSwiftPackageReference "apollo-ios" */;
			productName = Apollo;
		};
/* End XCSwiftPackageProductDependency section */
	};
	rootObject = 13596CDE2ACF3F4100A002E2 /* Project object */;
}
